
Microsoft Visual Studio Solution File, Format Version 12.00
# Visual Studio Version 16
VisualStudioVersion = 16.0.31129.286
MinimumVisualStudioVersion = 10.0.40219.1
Project("{FAE04EC0-301F-11D3-BF4B-00C04F79EFBC}") = "TuesdayLesson2", "TuesdayLesson2.csproj", "{E3497394-832E-42FE-AFB5-F3E9B596F42B}"
EndProject
Global
	GlobalSection(SolutionConfigurationPlatforms) = preSolution
		Debug|Any CPU = Debug|Any CPU
		Release|Any CPU = Release|Any CPU
	EndGlobalSection
	GlobalSection(ProjectConfigurationPlatforms) = postSolution
		{E3497394-832E-42FE-AFB5-F3E9B596F42B}.Debug|Any CPU.ActiveCfg = Debug|Any CPU
		{E3497394-832E-42FE-AFB5-F3E9B596F42B}.Debug|Any CPU.Build.0 = Debug|Any CPU
		{E3497394-832E-42FE-AFB5-F3E9B596F42B}.Release|Any CPU.ActiveCfg = Release|Any CPU
		{E3497394-832E-42FE-AFB5-F3E9B596F42B}.Release|Any CPU.Build.0 = Release|Any CPU
	EndGlobalSection
	GlobalSection(SolutionProperties) = preSolution
		HideSolutionNode = FALSE
	EndGlobalSection
	GlobalSection(ExtensibilityGlobals) = postSolution
		SolutionGuid = {EF77020C-B425-4381-966E-A51D43E89A28}
	EndGlobalSection
EndGlobal
